// !$*UTF8*$!
{
	archiveVersion = 1;
	classes = {
	};
	objectVersion = 46;
	objects = {

/* Begin PBXBuildFile section */
		3D0A80EE1DCC5AC500AEC306 /* main.m in Sources */ = {isa = PBXBuildFile; fileRef = 3D0A80ED1DCC5AC500AEC306 /* main.m */; };
		3D0A80F11DCC5AC500AEC306 /* AppDelegate.m in Sources */ = {isa = PBXBuildFile; fileRef = 3D0A80F01DCC5AC500AEC306 /* AppDelegate.m */; };
		3D0A80F41DCC5AC500AEC306 /* ViewController.m in Sources */ = {isa = PBXBuildFile; fileRef = 3D0A80F31DCC5AC500AEC306 /* ViewController.m */; };
		3D0A80F71DCC5AC500AEC306 /* Main.storyboard in Resources */ = {isa = PBXBuildFile; fileRef = 3D0A80F51DCC5AC500AEC306 /* Main.storyboard */; };
		3D0A80F91DCC5AC500AEC306 /* Assets.xcassets in Resources */ = {isa = PBXBuildFile; fileRef = 3D0A80F81DCC5AC500AEC306 /* Assets.xcassets */; };
		3D0A80FC1DCC5AC500AEC306 /* LaunchScreen.storyboard in Resources */ = {isa = PBXBuildFile; fileRef = 3D0A80FA1DCC5AC500AEC306 /* LaunchScreen.storyboard */; };
		3D0A81071DCC5AC500AEC306 /* SoundShakeButtonDemoTests.m in Sources */ = {isa = PBXBuildFile; fileRef = 3D0A81061DCC5AC500AEC306 /* SoundShakeButtonDemoTests.m */; };
		3D0A81121DCC5AC600AEC306 /* SoundShakeButtonDemoUITests.m in Sources */ = {isa = PBXBuildFile; fileRef = 3D0A81111DCC5AC600AEC306 /* SoundShakeButtonDemoUITests.m */; };
		3D0A81211DCC5B0100AEC306 /* SoundShakeButton.m in Sources */ = {isa = PBXBuildFile; fileRef = 3D0A81201DCC5B0100AEC306 /* SoundShakeButton.m */; };
		3D0A81231DCC5BA800AEC306 /* buyao.wav in Resources */ = {isa = PBXBuildFile; fileRef = 3D0A81221DCC5BA800AEC306 /* buyao.wav */; };
/* End PBXBuildFile section */

/* Begin PBXContainerItemProxy section */
		3D0A81031DCC5AC500AEC306 /* PBXContainerItemProxy */ = {
			isa = PBXContainerItemProxy;
			containerPortal = 3D0A80E11DCC5AC500AEC306 /* Project object */;
			proxyType = 1;
			remoteGlobalIDString = 3D0A80E81DCC5AC500AEC306;
			remoteInfo = SoundShakeButtonDemo;
		};
		3D0A810E1DCC5AC500AEC306 /* PBXContainerItemProxy */ = {
			isa = PBXContainerItemProxy;
			containerPortal = 3D0A80E11DCC5AC500AEC306 /* Project object */;
			proxyType = 1;
			remoteGlobalIDString = 3D0A80E81DCC5AC500AEC306;
			remoteInfo = SoundShakeButtonDemo;
		};
/* End PBXContainerItemProxy section */

/* Begin PBXFileReference section */
		3D0A80E91DCC5AC500AEC306 /* SoundShakeButtonDemo.app */ = {isa = PBXFileReference; explicitFileType = wrapper.application; includeInIndex = 0; path = SoundShakeButtonDemo.app; sourceTree = BUILT_PRODUCTS_DIR; };
		3D0A80ED1DCC5AC500AEC306 /* main.m */ = {isa = PBXFileReference; lastKnownFileType = sourcecode.c.objc; path = main.m; sourceTree = "<group>"; };
		3D0A80EF1DCC5AC500AEC306 /* AppDelegate.h */ = {isa = PBXFileReference; lastKnownFileType = sourcecode.c.h; path = AppDelegate.h; sourceTree = "<group>"; };
		3D0A80F01DCC5AC500AEC306 /* AppDelegate.m */ = {isa = PBXFileReference; lastKnownFileType = sourcecode.c.objc; path = AppDelegate.m; sourceTree = "<group>"; };
		3D0A80F21DCC5AC500AEC306 /* ViewController.h */ = {isa = PBXFileReference; lastKnownFileType = sourcecode.c.h; path = ViewController.h; sourceTree = "<group>"; };
		3D0A80F31DCC5AC500AEC306 /* ViewController.m */ = {isa = PBXFileReference; lastKnownFileType = sourcecode.c.objc; path = ViewController.m; sourceTree = "<group>"; };
		3D0A80F61DCC5AC500AEC306 /* Base */ = {isa = PBXFileReference; lastKnownFileType = file.storyboard; name = Base; path = Base.lproj/Main.storyboard; sourceTree = "<group>"; };
		3D0A80F81DCC5AC500AEC306 /* Assets.xcassets */ = {isa = PBXFileReference; lastKnownFileType = folder.assetcatalog; path = Assets.xcassets; sourceTree = "<group>"; };
		3D0A80FB1DCC5AC500AEC306 /* Base */ = {isa = PBXFileReference; lastKnownFileType = file.storyboard; name = Base; path = Base.lproj/LaunchScreen.storyboard; sourceTree = "<group>"; };
		3D0A80FD1DCC5AC500AEC306 /* Info.plist */ = {isa = PBXFileReference; lastKnownFileType = text.plist.xml; path = Info.plist; sourceTree = "<group>"; };
		3D0A81021DCC5AC500AEC306 /* SoundShakeButtonDemoTests.xctest */ = {isa = PBXFileReference; explicitFileType = wrapper.cfbundle; includeInIndex = 0; path = SoundShakeButtonDemoTests.xctest; sourceTree = BUILT_PRODUCTS_DIR; };
		3D0A81061DCC5AC500AEC306 /* SoundShakeButtonDemoTests.m */ = {isa = PBXFileReference; lastKnownFileType = sourcecode.c.objc; path = SoundShakeButtonDemoTests.m; sourceTree = "<group>"; };
		3D0A81081DCC5AC500AEC306 /* Info.plist */ = {isa = PBXFileReference; lastKnownFileType = text.plist.xml; path = Info.plist; sourceTree = "<group>"; };
		3D0A810D1DCC5AC500AEC306 /* SoundShakeButtonDemoUITests.xctest */ = {isa = PBXFileReference; explicitFileType = wrapper.cfbundle; includeInIndex = 0; path = SoundShakeButtonDemoUITests.xctest; sourceTree = BUILT_PRODUCTS_DIR; };
		3D0A81111DCC5AC600AEC306 /* SoundShakeButtonDemoUITests.m */ = {isa = PBXFileReference; lastKnownFileType = sourcecode.c.objc; path = SoundShakeButtonDemoUITests.m; sourceTree = "<group>"; };
		3D0A81131DCC5AC600AEC306 /* Info.plist */ = {isa = PBXFileReference; lastKnownFileType = text.plist.xml; path = Info.plist; sourceTree = "<group>"; };
		3D0A811F1DCC5B0100AEC306 /* SoundShakeButton.h */ = {isa = PBXFileReference; fileEncoding = 4; lastKnownFileType = sourcecode.c.h; path = SoundShakeButton.h; sourceTree = "<group>"; };
		3D0A81201DCC5B0100AEC306 /* SoundShakeButton.m */ = {isa = PBXFileReference; fileEncoding = 4; lastKnownFileType = sourcecode.c.objc; path = SoundShakeButton.m; sourceTree = "<group>"; };
		3D0A81221DCC5BA800AEC306 /* buyao.wav */ = {isa = PBXFileReference; lastKnownFileType = audio.wav; path = buyao.wav; sourceTree = "<group>"; };
/* End PBXFileReference section */

/* Begin PBXFrameworksBuildPhase section */
		3D0A80E61DCC5AC500AEC306 /* Frameworks */ = {
			isa = PBXFrameworksBuildPhase;
			buildActionMask = 2147483647;
			files = (
			);
			runOnlyForDeploymentPostprocessing = 0;
		};
		3D0A80FF1DCC5AC500AEC306 /* Frameworks */ = {
			isa = PBXFrameworksBuildPhase;
			buildActionMask = 2147483647;
			files = (
			);
			runOnlyForDeploymentPostprocessing = 0;
		};
		3D0A810A1DCC5AC500AEC306 /* Frameworks */ = {
			isa = PBXFrameworksBuildPhase;
			buildActionMask = 2147483647;
			files = (
			);
			runOnlyForDeploymentPostprocessing = 0;
		};
/* End PBXFrameworksBuildPhase section */

/* Begin PBXGroup section */
		3D0A80E01DCC5AC500AEC306 = {
			isa = PBXGroup;
			children = (
				3D0A80EB1DCC5AC500AEC306 /* SoundShakeButtonDemo */,
				3D0A81051DCC5AC500AEC306 /* SoundShakeButtonDemoTests */,
				3D0A81101DCC5AC600AEC306 /* SoundShakeButtonDemoUITests */,
				3D0A80EA1DCC5AC500AEC306 /* Products */,
			);
			sourceTree = "<group>";
		};
		3D0A80EA1DCC5AC500AEC306 /* Products */ = {
			isa = PBXGroup;
			children = (
				3D0A80E91DCC5AC500AEC306 /* SoundShakeButtonDemo.app */,
				3D0A81021DCC5AC500AEC306 /* SoundShakeButtonDemoTests.xctest */,
				3D0A810D1DCC5AC500AEC306 /* SoundShakeButtonDemoUITests.xctest */,
			);
			name = Products;
			sourceTree = "<group>";
		};
		3D0A80EB1DCC5AC500AEC306 /* SoundShakeButtonDemo */ = {
			isa = PBXGroup;
			children = (
				3D0A80EF1DCC5AC500AEC306 /* AppDelegate.h */,
				3D0A80F01DCC5AC500AEC306 /* AppDelegate.m */,
				3D0A80F21DCC5AC500AEC306 /* ViewController.h */,
				3D0A80F31DCC5AC500AEC306 /* ViewController.m */,
				3D0A811F1DCC5B0100AEC306 /* SoundShakeButton.h */,
				3D0A81201DCC5B0100AEC306 /* SoundShakeButton.m */,
				3D0A81221DCC5BA800AEC306 /* buyao.wav */,
				3D0A80F51DCC5AC500AEC306 /* Main.storyboard */,
				3D0A80F81DCC5AC500AEC306 /* Assets.xcassets */,
				3D0A80FA1DCC5AC500AEC306 /* LaunchScreen.storyboard */,
				3D0A80FD1DCC5AC500AEC306 /* Info.plist */,
				3D0A80EC1DCC5AC500AEC306 /* Supporting Files */,
			);
			path = SoundShakeButtonDemo;
			sourceTree = "<group>";
		};
		3D0A80EC1DCC5AC500AEC306 /* Supporting Files */ = {
			isa = PBXGroup;
			children = (
				3D0A80ED1DCC5AC500AEC306 /* main.m */,
			);
			name = "Supporting Files";
			sourceTree = "<group>";
		};
		3D0A81051DCC5AC500AEC306 /* SoundShakeButtonDemoTests */ = {
			isa = PBXGroup;
			children = (
				3D0A81061DCC5AC500AEC306 /* SoundShakeButtonDemoTests.m */,
				3D0A81081DCC5AC500AEC306 /* Info.plist */,
			);
			path = SoundShakeButtonDemoTests;
			sourceTree = "<group>";
		};
		3D0A81101DCC5AC600AEC306 /* SoundShakeButtonDemoUITests */ = {
			isa = PBXGroup;
			children = (
				3D0A81111DCC5AC600AEC306 /* SoundShakeButtonDemoUITests.m */,
				3D0A81131DCC5AC600AEC306 /* Info.plist */,
			);
			path = SoundShakeButtonDemoUITests;
			sourceTree = "<group>";
		};
/* End PBXGroup section */

/* Begin PBXNativeTarget section */
		3D0A80E81DCC5AC500AEC306 /* SoundShakeButtonDemo */ = {
			isa = PBXNativeTarget;
			buildConfigurationList = 3D0A81161DCC5AC600AEC306 /* Build configuration list for PBXNativeTarget "SoundShakeButtonDemo" */;
			buildPhases = (
				3D0A80E51DCC5AC500AEC306 /* Sources */,
				3D0A80E61DCC5AC500AEC306 /* Frameworks */,
				3D0A80E71DCC5AC500AEC306 /* Resources */,
			);
			buildRules = (
			);
			dependencies = (
			);
			name = SoundShakeButtonDemo;
			productName = SoundShakeButtonDemo;
			productReference = 3D0A80E91DCC5AC500AEC306 /* SoundShakeButtonDemo.app */;
			productType = "com.apple.product-type.application";
		};
		3D0A81011DCC5AC500AEC306 /* SoundShakeButtonDemoTests */ = {
			isa = PBXNativeTarget;
			buildConfigurationList = 3D0A81191DCC5AC600AEC306 /* Build configuration list for PBXNativeTarget "SoundShakeButtonDemoTests" */;
			buildPhases = (
				3D0A80FE1DCC5AC500AEC306 /* Sources */,
				3D0A80FF1DCC5AC500AEC306 /* Frameworks */,
				3D0A81001DCC5AC500AEC306 /* Resources */,
			);
			buildRules = (
			);
			dependencies = (
				3D0A81041DCC5AC500AEC306 /* PBXTargetDependency */,
			);
			name = SoundShakeButtonDemoTests;
			productName = SoundShakeButtonDemoTests;
			productReference = 3D0A81021DCC5AC500AEC306 /* SoundShakeButtonDemoTests.xctest */;
			productType = "com.apple.product-type.bundle.unit-test";
		};
		3D0A810C1DCC5AC500AEC306 /* SoundShakeButtonDemoUITests */ = {
			isa = PBXNativeTarget;
			buildConfigurationList = 3D0A811C1DCC5AC600AEC306 /* Build configuration list for PBXNativeTarget "SoundShakeButtonDemoUITests" */;
			buildPhases = (
				3D0A81091DCC5AC500AEC306 /* Sources */,
				3D0A810A1DCC5AC500AEC306 /* Frameworks */,
				3D0A810B1DCC5AC500AEC306 /* Resources */,
			);
			buildRules = (
			);
			dependencies = (
				3D0A810F1DCC5AC500AEC306 /* PBXTargetDependency */,
			);
			name = SoundShakeButtonDemoUITests;
			productName = SoundShakeButtonDemoUITests;
			productReference = 3D0A810D1DCC5AC500AEC306 /* SoundShakeButtonDemoUITests.xctest */;
			productType = "com.apple.product-type.bundle.ui-testing";
		};
/* End PBXNativeTarget section */

/* Begin PBXProject section */
		3D0A80E11DCC5AC500AEC306 /* Project object */ = {
			isa = PBXProject;
			attributes = {
				LastUpgradeCheck = 0800;
				ORGANIZATIONNAME = ling;
				TargetAttributes = {
					3D0A80E81DCC5AC500AEC306 = {
						CreatedOnToolsVersion = 8.0;
						ProvisioningStyle = Automatic;
					};
					3D0A81011DCC5AC500AEC306 = {
						CreatedOnToolsVersion = 8.0;
						ProvisioningStyle = Automatic;
						TestTargetID = 3D0A80E81DCC5AC500AEC306;
					};
					3D0A810C1DCC5AC500AEC306 = {
						CreatedOnToolsVersion = 8.0;
						ProvisioningStyle = Automatic;
						TestTargetID = 3D0A80E81DCC5AC500AEC306;
					};
				};
			};
			buildConfigurationList = 3D0A80E41DCC5AC500AEC306 /* Build configuration list for PBXProject "SoundShakeButtonDemo" */;
			compatibilityVersion = "Xcode 3.2";
			developmentRegion = English;
			hasScannedForEncodings = 0;
			knownRegions = (
				en,
				Base,
			);
			mainGroup = 3D0A80E01DCC5AC500AEC306;
			productRefGroup = 3D0A80EA1DCC5AC500AEC306 /* Products */;
			projectDirPath = "";
			projectRoot = "";
			targets = (
				3D0A80E81DCC5AC500AEC306 /* SoundShakeButtonDemo */,
				3D0A81011DCC5AC500AEC306 /* SoundShakeButtonDemoTests */,
				3D0A810C1DCC5AC500AEC306 /* SoundShakeButtonDemoUITests */,
			);
		};
/* End PBXProject section */

/* Begin PBXResourcesBuildPhase section */
		3D0A80E71DCC5AC500AEC306 /* Resources */ = {
			isa = PBXResourcesBuildPhase;
			buildActionMask = 2147483647;
			files = (
				3D0A80FC1DCC5AC500AEC306 /* LaunchScreen.storyboard in Resources */,
				3D0A81231DCC5BA800AEC306 /* buyao.wav in Resources */,
				3D0A80F91DCC5AC500AEC306 /* Assets.xcassets in Resources */,
				3D0A80F71DCC5AC500AEC306 /* Main.storyboard in Resources */,
			);
			runOnlyForDeploymentPostprocessing = 0;
		};
		3D0A81001DCC5AC500AEC306 /* Resources */ = {
			isa = PBXResourcesBuildPhase;
			buildActionMask = 2147483647;
			files = (
			);
			runOnlyForDeploymentPostprocessing = 0;
		};
		3D0A810B1DCC5AC500AEC306 /* Resources */ = {
			isa = PBXResourcesBuildPhase;
			buildActionMask = 2147483647;
			files = (
			);
			runOnlyForDeploymentPostprocessing = 0;
		};
/* End PBXResourcesBuildPhase section */

/* Begin PBXSourcesBuildPhase section */
		3D0A80E51DCC5AC500AEC306 /* Sources */ = {
			isa = PBXSourcesBuildPhase;
			buildActionMask = 2147483647;
			files = (
				3D0A80F41DCC5AC500AEC306 /* ViewController.m in Sources */,
				3D0A80F11DCC5AC500AEC306 /* AppDelegate.m in Sources */,
				3D0A81211DCC5B0100AEC306 /* SoundShakeButton.m in Sources */,
				3D0A80EE1DCC5AC500AEC306 /* main.m in Sources */,
			);
			runOnlyForDeploymentPostprocessing = 0;
		};
		3D0A80FE1DCC5AC500AEC306 /* Sources */ = {
			isa = PBXSourcesBuildPhase;
			buildActionMask = 2147483647;
			files = (
				3D0A81071DCC5AC500AEC306 /* SoundShakeButtonDemoTests.m in Sources */,
			);
			runOnlyForDeploymentPostprocessing = 0;
		};
		3D0A81091DCC5AC500AEC306 /* Sources */ = {
			isa = PBXSourcesBuildPhase;
			buildActionMask = 2147483647;
			files = (
				3D0A81121DCC5AC600AEC306 /* SoundShakeButtonDemoUITests.m in Sources */,
			);
			runOnlyForDeploymentPostprocessing = 0;
		};
/* End PBXSourcesBuildPhase section */

/* Begin PBXTargetDependency section */
		3D0A81041DCC5AC500AEC306 /* PBXTargetDependency */ = {
			isa = PBXTargetDependency;
			target = 3D0A80E81DCC5AC500AEC306 /* SoundShakeButtonDemo */;
			targetProxy = 3D0A81031DCC5AC500AEC306 /* PBXContainerItemProxy */;
		};
		3D0A810F1DCC5AC500AEC306 /* PBXTargetDependency */ = {
			isa = PBXTargetDependency;
			target = 3D0A80E81DCC5AC500AEC306 /* SoundShakeButtonDemo */;
			targetProxy = 3D0A810E1DCC5AC500AEC306 /* PBXContainerItemProxy */;
		};
/* End PBXTargetDependency section */

/* Begin PBXVariantGroup section */
		3D0A80F51DCC5AC500AEC306 /* Main.storyboard */ = {
			isa = PBXVariantGroup;
			children = (
				3D0A80F61DCC5AC500AEC306 /* Base */,
			);
			name = Main.storyboard;
			sourceTree = "<group>";
		};
		3D0A80FA1DCC5AC500AEC306 /* LaunchScreen.storyboard */ = {
			isa = PBXVariantGroup;
			children = (
				3D0A80FB1DCC5AC500AEC306 /* Base */,
			);
			name = LaunchScreen.storyboard;
			sourceTree = "<group>";
		};
/* End PBXVariantGroup section */

/* Begin XCBuildConfiguration section */
		3D0A81141DCC5AC600AEC306 /* Debug */ = {
			isa = XCBuildConfiguration;
			buildSettings = {
				ALWAYS_SEARCH_USER_PATHS = NO;
				CLANG_ANALYZER_NONNULL = YES;
				CLANG_CXX_LANGUAGE_STANDARD = "gnu++0x";
				CLANG_CXX_LIBRARY = "libc++";
				CLANG_ENABLE_MODULES = YES;
				CLANG_ENABLE_OBJC_ARC = YES;
				CLANG_WARN_BOOL_CONVERSION = YES;
				CLANG_WARN_CONSTANT_CONVERSION = YES;
				CLANG_WARN_DIRECT_OBJC_ISA_USAGE = YES_ERROR;
				CLANG_WARN_DOCUMENTATION_COMMENTS = YES;
				CLANG_WARN_EMPTY_BODY = YES;
				CLANG_WARN_ENUM_CONVERSION = YES;
				CLANG_WARN_INFINITE_RECURSION = YES;
				CLANG_WARN_INT_CONVERSION = YES;
				CLANG_WARN_OBJC_ROOT_CLASS = YES_ERROR;
				CLANG_WARN_SUSPICIOUS_MOVES = YES;
				CLANG_WARN_UNREACHABLE_CODE = YES;
				CLANG_WARN__DUPLICATE_METHOD_MATCH = YES;
				"CODE_SIGN_IDENTITY[sdk=iphoneos*]" = "iPhone Developer";
				COPY_PHASE_STRIP = NO;
				DEBUG_INFORMATION_FORMAT = dwarf;
				ENABLE_STRICT_OBJC_MSGSEND = YES;
				ENABLE_TESTABILITY = YES;
				GCC_C_LANGUAGE_STANDARD = gnu99;
				GCC_DYNAMIC_NO_PIC = NO;
				GCC_NO_COMMON_BLOCKS = YES;
				GCC_OPTIMIZATION_LEVEL = 0;
				GCC_PREPROCESSOR_DEFINITIONS = (
					"DEBUG=1",
					"$(inherited)",
				);
				GCC_WARN_64_TO_32_BIT_CONVERSION = YES;
				GCC_WARN_ABOUT_RETURN_TYPE = YES_ERROR;
				GCC_WARN_UNDECLARED_SELECTOR = YES;
				GCC_WARN_UNINITIALIZED_AUTOS = YES_AGGRESSIVE;
				GCC_WARN_UNUSED_FUNCTION = YES;
				GCC_WARN_UNUSED_VARIABLE = YES;
				IPHONEOS_DEPLOYMENT_TARGET = 10.0;
				MTL_ENABLE_DEBUG_INFO = YES;
				ONLY_ACTIVE_ARCH = YES;
				SDKROOT = iphoneos;
				TARGETED_DEVICE_FAMILY = "1,2";
			};
			name = Debug;
		};
		3D0A81151DCC5AC600AEC306 /* Release */ = {
			isa = XCBuildConfiguration;
			buildSettings = {
				ALWAYS_SEARCH_USER_PATHS = NO;
				CLANG_ANALYZER_NONNULL = YES;
				CLANG_CXX_LANGUAGE_STANDARD = "gnu++0x";
				CLANG_CXX_LIBRARY = "libc++";
				CLANG_ENABLE_MODULES = YES;
				CLANG_ENABLE_OBJC_ARC = YES;
				CLANG_WARN_BOOL_CONVERSION = YES;
				CLANG_WARN_CONSTANT_CONVERSION = YES;
				CLANG_WARN_DIRECT_OBJC_ISA_USAGE = YES_ERROR;
				CLANG_WARN_DOCUMENTATION_COMMENTS = YES;
				CLANG_WARN_EMPTY_BODY = YES;
				CLANG_WARN_ENUM_CONVERSION = YES;
				CLANG_WARN_INFINITE_RECURSION = YES;
				CLANG_WARN_INT_CONVERSION = YES;
				CLANG_WARN_OBJC_ROOT_CLASS = YES_ERROR;
				CLANG_WARN_SUSPICIOUS_MOVES = YES;
				CLANG_WARN_UNREACHABLE_CODE = YES;
				CLANG_WARN__DUPLICATE_METHOD_MATCH = YES;
				"CODE_SIGN_IDENTITY[sdk=iphoneos*]" = "iPhone Developer";
				COPY_PHASE_STRIP = NO;
				DEBUG_INFORMATION_FORMAT = "dwarf-with-dsym";
				ENABLE_NS_ASSERTIONS = NO;
				ENABLE_STRICT_OBJC_MSGSEND = YES;
				GCC_C_LANGUAGE_STANDARD = gnu99;
				GCC_NO_COMMON_BLOCKS = YES;
				GCC_WARN_64_TO_32_BIT_CONVERSION = YES;
				GCC_WARN_ABOUT_RETURN_TYPE = YES_ERROR;
				GCC_WARN_UNDECLARED_SELECTOR = YES;
				GCC_WARN_UNINITIALIZED_AUTOS = YES_AGGRESSIVE;
				GCC_WARN_UNUSED_FUNCTION = YES;
				GCC_WARN_UNUSED_VARIABLE = YES;
				IPHONEOS_DEPLOYMENT_TARGET = 10.0;
				MTL_ENABLE_DEBUG_INFO = NO;
				SDKROOT = iphoneos;
				TARGETED_DEVICE_FAMILY = "1,2";
				VALIDATE_PRODUCT = YES;
			};
			name = Release;
		};
		3D0A81171DCC5AC600AEC306 /* Debug */ = {
			isa = XCBuildConfiguration;
			buildSettings = {
				ASSETCATALOG_COMPILER_APPICON_NAME = AppIcon;
				INFOPLIST_FILE = SoundShakeButtonDemo/Info.plist;
				LD_RUNPATH_SEARCH_PATHS = "$(inherited) @executable_path/Frameworks";
				PRODUCT_BUNDLE_IDENTIFIER = com.ICE.SoundShakeButtonDemo;
				PRODUCT_NAME = "$(TARGET_NAME)";
			};
			name = Debug;
		};
		3D0A81181DCC5AC600AEC306 /* Release */ = {
			isa = XCBuildConfiguration;
			buildSettings = {
				ASSETCATALOG_COMPILER_APPICON_NAME = AppIcon;
				INFOPLIST_FILE = SoundShakeButtonDemo/Info.plist;
				LD_RUNPATH_SEARCH_PATHS = "$(inherited) @executable_path/Frameworks";
				PRODUCT_BUNDLE_IDENTIFIER = com.ICE.SoundShakeButtonDemo;
				PRODUCT_NAME = "$(TARGET_NAME)";
			};
			name = Release;
		};
		3D0A811A1DCC5AC600AEC306 /* Debug */ = {
			isa = XCBuildConfiguration;
			buildSettings = {
				BUNDLE_LOADER = "$(TEST_HOST)";
				INFOPLIST_FILE = SoundShakeButtonDemoTests/Info.plist;
				LD_RUNPATH_SEARCH_PATHS = "$(inherited) @executable_path/Frameworks @loader_path/Frameworks";
				PRODUCT_BUNDLE_IDENTIFIER = com.ICE.SoundShakeButtonDemoTests;
				PRODUCT_NAME = "$(TARGET_NAME)";
				TEST_HOST = "$(BUILT_PRODUCTS_DIR)/SoundShakeButtonDemo.app/SoundShakeButtonDemo";
			};
			name = Debug;
		};
		3D0A811B1DCC5AC600AEC306 /* Release */ = {
			isa = XCBuildConfiguration;
			buildSettings = {
				BUNDLE_LOADER = "$(TEST_HOST)";
				INFOPLIST_FILE = SoundShakeButtonDemoTests/Info.plist;
				LD_RUNPATH_SEARCH_PATHS = "$(inherited) @executable_path/Frameworks @loader_path/Frameworks";
				PRODUCT_BUNDLE_IDENTIFIER = com.ICE.SoundShakeButtonDemoTests;
				PRODUCT_NAME = "$(TARGET_NAME)";
				TEST_HOST = "$(BUILT_PRODUCTS_DIR)/SoundShakeButtonDemo.app/SoundShakeButtonDemo";
			};
			name = Release;
		};
		3D0A811D1DCC5AC600AEC306 /* Debug */ = {
			isa = XCBuildConfiguration;
			buildSettings = {
				INFOPLIST_FILE = SoundShakeButtonDemoUITests/Info.plist;
				LD_RUNPATH_SEARCH_PATHS = "$(inherited) @executable_path/Frameworks @loader_path/Frameworks";
				PRODUCT_BUNDLE_IDENTIFIER = com.ICE.SoundShakeButtonDemoUITests;
				PRODUCT_NAME = "$(TARGET_NAME)";
				TEST_TARGET_NAME = SoundShakeButtonDemo;
			};
			name = Debug;
		};
		3D0A811E1DCC5AC600AEC306 /* Release */ = {
			isa = XCBuildConfiguration;
			buildSettings = {
				INFOPLIST_FILE = SoundShakeButtonDemoUITests/Info.plist;
				LD_RUNPATH_SEARCH_PATHS = "$(inherited) @executable_path/Frameworks @loader_path/Frameworks";
				PRODUCT_BUNDLE_IDENTIFIER = com.ICE.SoundShakeButtonDemoUITests;
				PRODUCT_NAME = "$(TARGET_NAME)";
				TEST_TARGET_NAME = SoundShakeButtonDemo;
			};
			name = Release;
		};
/* End XCBuildConfiguration section */

/* Begin XCConfigurationList section */
		3D0A80E41DCC5AC500AEC306 /* Build configuration list for PBXProject "SoundShakeButtonDemo" */ = {
			isa = XCConfigurationList;
			buildConfigurations = (
				3D0A81141DCC5AC600AEC306 /* Debug */,
				3D0A81151DCC5AC600AEC306 /* Release */,
			);
			defaultConfigurationIsVisible = 0;
			defaultConfigurationName = Release;
		};
		3D0A81161DCC5AC600AEC306 /* Build configuration list for PBXNativeTarget "SoundShakeButtonDemo" */ = {
			isa = XCConfigurationList;
			buildConfigurations = (
				3D0A81171DCC5AC600AEC306 /* Debug */,
				3D0A81181DCC5AC600AEC306 /* Release */,
			);
			defaultConfigurationIsVisible = 0;
		};
		3D0A81191DCC5AC600AEC306 /* Build configuration list for PBXNativeTarget "SoundShakeButtonDemoTests" */ = {
			isa = XCConfigurationList;
			buildConfigurations = (
				3D0A811A1DCC5AC600AEC306 /* Debug */,
				3D0A811B1DCC5AC600AEC306 /* Release */,
			);
			defaultConfigurationIsVisible = 0;
		};
		3D0A811C1DCC5AC600AEC306 /* Build configuration list for PBXNativeTarget "SoundShakeButtonDemoUITests" */ = {
			isa = XCConfigurationList;
			buildConfigurations = (
				3D0A811D1DCC5AC600AEC306 /* Debug */,
				3D0A811E1DCC5AC600AEC306 /* Release */,
			);
			defaultConfigurationIsVisible = 0;
		};
/* End XCConfigurationList section */
	};
	rootObject = 3D0A80E11DCC5AC500AEC306 /* Project object */;
}
